// !$*UTF8*$!
{
	archiveVersion = 1;
	classes = {
	};
	objectVersion = 50;
	objects = {

/* Begin PBXBuildFile section */
		044E131C24356DEA003B5785 /* main.cpp in Sources */ = {isa = PBXBuildFile; fileRef = 044E131B24356DEA003B5785 /* main.cpp */; };
		044E132424356DF3003B5785 /* GLUT.framework in Frameworks */ = {isa = PBXBuildFile; fileRef = 044E132324356DF3003B5785 /* GLUT.framework */; };
		044E132624356DF9003B5785 /* OpenGL.framework in Frameworks */ = {isa = PBXBuildFile; fileRef = 044E132524356DF9003B5785 /* OpenGL.framework */; };
/* End PBXBuildFile section */

/* Begin PBXCopyFilesBuildPhase section */
		044E131624356DEA003B5785 /* CopyFiles */ = {
			isa = PBXCopyFilesBuildPhase;
			buildActionMask = 2147483647;
			dstPath = /usr/share/man/man1/;
			dstSubfolderSpec = 0;
			files = (
			);
			runOnlyForDeploymentPostprocessing = 1;
		};
/* End PBXCopyFilesBuildPhase section */

/* Begin PBXFileReference section */
		044E131824356DEA003B5785 /* cs460-ass4 */ = {isa = PBXFileReference; explicitFileType = "compiled.mach-o.executable"; includeInIndex = 0; path = "cs460-ass4"; sourceTree = BUILT_PRODUCTS_DIR; };
		044E131B24356DEA003B5785 /* main.cpp */ = {isa = PBXFileReference; lastKnownFileType = sourcecode.cpp.cpp; path = main.cpp; sourceTree = "<group>"; };
		044E132324356DF3003B5785 /* GLUT.framework */ = {isa = PBXFileReference; lastKnownFileType = wrapper.framework; name = GLUT.framework; path = System/Library/Frameworks/GLUT.framework; sourceTree = SDKROOT; };
		044E132524356DF9003B5785 /* OpenGL.framework */ = {isa = PBXFileReference; lastKnownFileType = wrapper.framework; name = OpenGL.framework; path = System/Library/Frameworks/OpenGL.framework; sourceTree = SDKROOT; };
		044E132724356E51003B5785 /* flower.bmp */ = {isa = PBXFileReference; lastKnownFileType = image.bmp; name = flower.bmp; path = ../../../../Downloads/flower.bmp; sourceTree = "<group>"; };
		044E132824356EE8003B5785 /* humanoid_quad.obj */ = {isa = PBXFileReference; fileEncoding = 4; lastKnownFileType = text; name = humanoid_quad.obj; path = ../../../humanoid_quad.obj; sourceTree = "<group>"; };
		044E132924356F03003B5785 /* minicooper.obj */ = {isa = PBXFileReference; fileEncoding = 4; lastKnownFileType = text; name = minicooper.obj; path = ../../../minicooper.obj; sourceTree = "<group>"; };
		044E132A24356F29003B5785 /* teapot.obj */ = {isa = PBXFileReference; fileEncoding = 4; lastKnownFileType = text; name = teapot.obj; path = ../../../teapot.obj; sourceTree = "<group>"; };
/* End PBXFileReference section */

/* Begin PBXFrameworksBuildPhase section */
		044E131524356DEA003B5785 /* Frameworks */ = {
			isa = PBXFrameworksBuildPhase;
			buildActionMask = 2147483647;
			files = (
				044E132624356DF9003B5785 /* OpenGL.framework in Frameworks */,
				044E132424356DF3003B5785 /* GLUT.framework in Frameworks */,
			);
			runOnlyForDeploymentPostprocessing = 0;
		};
/* End PBXFrameworksBuildPhase section */

/* Begin PBXGroup section */
		044E130F24356DEA003B5785 = {
			isa = PBXGroup;
			children = (
				044E131A24356DEA003B5785 /* cs460-ass4 */,
				044E131924356DEA003B5785 /* Products */,
				044E132224356DF3003B5785 /* Frameworks */,
			);
			sourceTree = "<group>";
		};
		044E131924356DEA003B5785 /* Products */ = {
			isa = PBXGroup;
			children = (
				044E131824356DEA003B5785 /* cs460-ass4 */,
			);
			name = Products;
			sourceTree = "<group>";
		};
		044E131A24356DEA003B5785 /* cs460-ass4 */ = {
			isa = PBXGroup;
			children = (
				044E132A24356F29003B5785 /* teapot.obj */,
				044E132924356F03003B5785 /* minicooper.obj */,
				044E132824356EE8003B5785 /* humanoid_quad.obj */,
				044E132724356E51003B5785 /* flower.bmp */,
				044E131B24356DEA003B5785 /* main.cpp */,
			);
			path = "cs460-ass4";
			sourceTree = "<group>";
		};
		044E132224356DF3003B5785 /* Frameworks */ = {
			isa = PBXGroup;
			children = (
				044E132524356DF9003B5785 /* OpenGL.framework */,
				044E132324356DF3003B5785 /* GLUT.framework */,
			);
			name = Frameworks;
			sourceTree = "<group>";
		};
/* End PBXGroup section */

/* Begin PBXNativeTarget section */
		044E131724356DEA003B5785 /* cs460-ass4 */ = {
			isa = PBXNativeTarget;
			buildConfigurationList = 044E131F24356DEA003B5785 /* Build configuration list for PBXNativeTarget "cs460-ass4" */;
			buildPhases = (
				044E131424356DEA003B5785 /* Sources */,
				044E131524356DEA003B5785 /* Frameworks */,
				044E131624356DEA003B5785 /* CopyFiles */,
			);
			buildRules = (
			);
			dependencies = (
			);
			name = "cs460-ass4";
			productName = "cs460-ass4";
			productReference = 044E131824356DEA003B5785 /* cs460-ass4 */;
			productType = "com.apple.product-type.tool";
		};
/* End PBXNativeTarget section */

/* Begin PBXProject section */
		044E131024356DEA003B5785 /* Project object */ = {
			isa = PBXProject;
			attributes = {
				LastUpgradeCheck = 1000;
				ORGANIZATIONNAME = "Selin Dinc";
				TargetAttributes = {
					044E131724356DEA003B5785 = {
						CreatedOnToolsVersion = 10.0;
					};
				};
			};
			buildConfigurationList = 044E131324356DEA003B5785 /* Build configuration list for PBXProject "cs460-ass4" */;
			compatibilityVersion = "Xcode 9.3";
			developmentRegion = en;
			hasScannedForEncodings = 0;
			knownRegions = (
				en,
			);
			mainGroup = 044E130F24356DEA003B5785;
			productRefGroup = 044E131924356DEA003B5785 /* Products */;
			projectDirPath = "";
			projectRoot = "";
			targets = (
				044E131724356DEA003B5785 /* cs460-ass4 */,
			);
		};
/* End PBXProject section */

/* Begin PBXSourcesBuildPhase section */
		044E131424356DEA003B5785 /* Sources */ = {
			isa = PBXSourcesBuildPhase;
			buildActionMask = 2147483647;
			files = (
				044E131C24356DEA003B5785 /* main.cpp in Sources */,
			);
			runOnlyForDeploymentPostprocessing = 0;
		};
/* End PBXSourcesBuildPhase section */

/* Begin XCBuildConfiguration section */
		044E131D24356DEA003B5785 /* Debug */ = {
			isa = XCBuildConfiguration;
			buildSettings = {
				ALWAYS_SEARCH_USER_PATHS = NO;
				CLANG_ANALYZER_NONNULL = YES;
				CLANG_ANALYZER_NUMBER_OBJECT_CONVERSION = YES_AGGRESSIVE;
				CLANG_CXX_LANGUAGE_STANDARD = "gnu++14";
				CLANG_CXX_LIBRARY = "libc++";
				CLANG_ENABLE_MODULES = YES;
				CLANG_ENABLE_OBJC_ARC = YES;
				CLANG_ENABLE_OBJC_WEAK = YES;
				CLANG_WARN_BLOCK_CAPTURE_AUTORELEASING = YES;
				CLANG_WARN_BOOL_CONVERSION = YES;
				CLANG_WARN_COMMA = YES;
				CLANG_WARN_CONSTANT_CONVERSION = YES;
				CLANG_WARN_DEPRECATED_OBJC_IMPLEMENTATIONS = YES;
				CLANG_WARN_DIRECT_OBJC_ISA_USAGE = YES_ERROR;
				CLANG_WARN_DOCUMENTATION_COMMENTS = YES;
				CLANG_WARN_EMPTY_BODY = YES;
				CLANG_WARN_ENUM_CONVERSION = YES;
				CLANG_WARN_INFINITE_RECURSION = YES;
				CLANG_WARN_INT_CONVERSION = YES;
				CLANG_WARN_NON_LITERAL_NULL_CONVERSION = YES;
				CLANG_WARN_OBJC_IMPLICIT_RETAIN_SELF = YES;
				CLANG_WARN_OBJC_LITERAL_CONVERSION = YES;
				CLANG_WARN_OBJC_ROOT_CLASS = YES_ERROR;
				CLANG_WARN_RANGE_LOOP_ANALYSIS = YES;
				CLANG_WARN_STRICT_PROTOTYPES = YES;
				CLANG_WARN_SUSPICIOUS_MOVE = YES;
				CLANG_WARN_UNGUARDED_AVAILABILITY = YES_AGGRESSIVE;
				CLANG_WARN_UNREACHABLE_CODE = YES;
				CLANG_WARN__DUPLICATE_METHOD_MATCH = YES;
				CODE_SIGN_IDENTITY = "-";
				COPY_PHASE_STRIP = NO;
				DEBUG_INFORMATION_FORMAT = dwarf;
				ENABLE_STRICT_OBJC_MSGSEND = YES;
				ENABLE_TESTABILITY = YES;
				GCC_C_LANGUAGE_STANDARD = gnu11;
				GCC_DYNAMIC_NO_PIC = NO;
				GCC_NO_COMMON_BLOCKS = YES;
				GCC_OPTIMIZATION_LEVEL = 0;
				GCC_PREPROCESSOR_DEFINITIONS = (
					"DEBUG=1",
					"$(inherited)",
				);
				GCC_WARN_64_TO_32_BIT_CONVERSION = YES;
				GCC_WARN_ABOUT_RETURN_TYPE = YES_ERROR;
				GCC_WARN_UNDECLARED_SELECTOR = YES;
				GCC_WARN_UNINITIALIZED_AUTOS = YES_AGGRESSIVE;
				GCC_WARN_UNUSED_FUNCTION = YES;
				GCC_WARN_UNUSED_VARIABLE = YES;
				MACOSX_DEPLOYMENT_TARGET = 10.13;
				MTL_ENABLE_DEBUG_INFO = INCLUDE_SOURCE;
				MTL_FAST_MATH = YES;
				ONLY_ACTIVE_ARCH = YES;
				SDKROOT = macosx;
			};
			name = Debug;
		};
		044E131E24356DEA003B5785 /* Release */ = {
			isa = XCBuildConfiguration;
			buildSettings = {
				ALWAYS_SEARCH_USER_PATHS = NO;
				CLANG_ANALYZER_NONNULL = YES;
				CLANG_ANALYZER_NUMBER_OBJECT_CONVERSION = YES_AGGRESSIVE;
				CLANG_CXX_LANGUAGE_STANDARD = "gnu++14";
				CLANG_CXX_LIBRARY = "libc++";
				CLANG_ENABLE_MODULES = YES;
				CLANG_ENABLE_OBJC_ARC = YES;
				CLANG_ENABLE_OBJC_WEAK = YES;
				CLANG_WARN_BLOCK_CAPTURE_AUTORELEASING = YES;
				CLANG_WARN_BOOL_CONVERSION = YES;
				CLANG_WARN_COMMA = YES;
				CLANG_WARN_CONSTANT_CONVERSION = YES;
				CLANG_WARN_DEPRECATED_OBJC_IMPLEMENTATIONS = YES;
				CLANG_WARN_DIRECT_OBJC_ISA_USAGE = YES_ERROR;
				CLANG_WARN_DOCUMENTATION_COMMENTS = YES;
				CLANG_WARN_EMPTY_BODY = YES;
				CLANG_WARN_ENUM_CONVERSION = YES;
				CLANG_WARN_INFINITE_RECURSION = YES;
				CLANG_WARN_INT_CONVERSION = YES;
				CLANG_WARN_NON_LITERAL_NULL_CONVERSION = YES;
				CLANG_WARN_OBJC_IMPLICIT_RETAIN_SELF = YES;
				CLANG_WARN_OBJC_LITERAL_CONVERSION = YES;
				CLANG_WARN_OBJC_ROOT_CLASS = YES_ERROR;
				CLANG_WARN_RANGE_LOOP_ANALYSIS = YES;
				CLANG_WARN_STRICT_PROTOTYPES = YES;
				CLANG_WARN_SUSPICIOUS_MOVE = YES;
				CLANG_WARN_UNGUARDED_AVAILABILITY = YES_AGGRESSIVE;
				CLANG_WARN_UNREACHABLE_CODE = YES;
				CLANG_WARN__DUPLICATE_METHOD_MATCH = YES;
				CODE_SIGN_IDENTITY = "-";
				COPY_PHASE_STRIP = NO;
				DEBUG_INFORMATION_FORMAT = "dwarf-with-dsym";
				ENABLE_NS_ASSERTIONS = NO;
				ENABLE_STRICT_OBJC_MSGSEND = YES;
				GCC_C_LANGUAGE_STANDARD = gnu11;
				GCC_NO_COMMON_BLOCKS = YES;
				GCC_WARN_64_TO_32_BIT_CONVERSION = YES;
				GCC_WARN_ABOUT_RETURN_TYPE = YES_ERROR;
				GCC_WARN_UNDECLARED_SELECTOR = YES;
				GCC_WARN_UNINITIALIZED_AUTOS = YES_AGGRESSIVE;
				GCC_WARN_UNUSED_FUNCTION = YES;
				GCC_WARN_UNUSED_VARIABLE = YES;
				MACOSX_DEPLOYMENT_TARGET = 10.13;
				MTL_ENABLE_DEBUG_INFO = NO;
				MTL_FAST_MATH = YES;
				SDKROOT = macosx;
			};
			name = Release;
		};
		044E132024356DEA003B5785 /* Debug */ = {
			isa = XCBuildConfiguration;
			buildSettings = {
				CODE_SIGN_STYLE = Automatic;
				PRODUCT_NAME = "$(TARGET_NAME)";
			};
			name = Debug;
		};
		044E132124356DEA003B5785 /* Release */ = {
			isa = XCBuildConfiguration;
			buildSettings = {
				CODE_SIGN_STYLE = Automatic;
				PRODUCT_NAME = "$(TARGET_NAME)";
			};
			name = Release;
		};
/* End XCBuildConfiguration section */

/* Begin XCConfigurationList section */
		044E131324356DEA003B5785 /* Build configuration list for PBXProject "cs460-ass4" */ = {
			isa = XCConfigurationList;
			buildConfigurations = (
				044E131D24356DEA003B5785 /* Debug */,
				044E131E24356DEA003B5785 /* Release */,
			);
			defaultConfigurationIsVisible = 0;
			defaultConfigurationName = Release;
		};
		044E131F24356DEA003B5785 /* Build configuration list for PBXNativeTarget "cs460-ass4" */ = {
			isa = XCConfigurationList;
			buildConfigurations = (
				044E132024356DEA003B5785 /* Debug */,
				044E132124356DEA003B5785 /* Release */,
			);
			defaultConfigurationIsVisible = 0;
			defaultConfigurationName = Release;
		};
/* End XCConfigurationList section */
	};
	rootObject = 044E131024356DEA003B5785 /* Project object */;
}
